
Microsoft Visual Studio Solution File, Format Version 12.00
# Visual Studio Version 16
VisualStudioVersion = 16.0.31409.214
MinimumVisualStudioVersion = 10.0.40219.1
Project("{2150E333-8FDC-42A3-9474-1A3956D46DE8}") = "Solution Items", "Solution Items", "{77202389-F244-45BB-B05A-E9BFB348B212}"
	ProjectSection(SolutionItems) = preProject
		.gitignore = .gitignore
	EndProjectSection
EndProject
Project("{9A19103F-16F7-4668-BE54-9A1E7A4F7556}") = "Lab2_2-PowerTable", "Lab2_2-PowerTable\Lab2_2-PowerTable.csproj", "{F93A7230-4AEA-4BD7-8419-EEFCF171ABC4}"
EndProject
Project("{9A19103F-16F7-4668-BE54-9A1E7A4F7556}") = "Lab2_4-Factorial", "Lab2_4-Factorial\Lab2_4-Factorial.csproj", "{A5086A67-81F7-4D58-9EB9-359FC2A8B505}"
EndProject
Project("{9A19103F-16F7-4668-BE54-9A1E7A4F7556}") = "Lab3_1-StudentInfo", "Lab3_1-StudentInfo\Lab3_1-StudentInfo.csproj", "{8ADD7E00-BAE3-4738-8FD3-8B1EF460908B}"
EndProject
Project("{9A19103F-16F7-4668-BE54-9A1E7A4F7556}") = "Lab3_3-MenuObj", "Lab3_3-MenuObj\Lab3_3-MenuObj.csproj", "{7758524B-4F46-4838-9D9D-3940036CE514}"
EndProject
Project("{9A19103F-16F7-4668-BE54-9A1E7A4F7556}") = "Lab3_2_2-Menu", "Lab3_2_2-Menu\Lab3_2_2-Menu.csproj", "{BD36F32C-CD8B-443C-A287-711BB856B7C1}"
EndProject
Project("{9A19103F-16F7-4668-BE54-9A1E7A4F7556}") = "Lab4_1-DiceRoller", "Lab4_1-DiceRoller\Lab4_1-DiceRoller.csproj", "{FDF70BF9-1FFF-4125-916C-891E3B9EDFE8}"
EndProject
Project("{9A19103F-16F7-4668-BE54-9A1E7A4F7556}") = "Lab4_2-MovieList", "Lab4_2-MovieList\Lab4_2-MovieList.csproj", "{0A086AD0-B51F-4288-85CD-5B4C744D9539}"
EndProject
Project("{9A19103F-16F7-4668-BE54-9A1E7A4F7556}") = "Lab4_1_1-ClassObjPrac", "Lab4_1_1-ClassObjPrac\Lab4_1_1-ClassObjPrac.csproj", "{FA59C150-61FB-4E0A-9899-A8D3254AE925}"
EndProject
Project("{9A19103F-16F7-4668-BE54-9A1E7A4F7556}") = "Lab4_2_2-ObjPrac", "Lab4_2_2-ObjPrac\Lab4_2_2-ObjPrac.csproj", "{4ADD748B-610A-46DB-BA76-67D76E5F95D2}"
EndProject
Project("{9A19103F-16F7-4668-BE54-9A1E7A4F7556}") = "Lab2_1-RoomCalc", "Lab2_1-RoomCalc\Lab2_1-RoomCalc.csproj", "{8BEE8EF7-24AB-43EC-80CF-5D6225852245}"
EndProject
Project("{9A19103F-16F7-4668-BE54-9A1E7A4F7556}") = "Lab4_3-CMS", "Lab4_3-CMS\Lab4_3-CMS.csproj", "{B51AE65E-A59F-45C7-BB39-6207A139C4D6}"
EndProject
Project("{9A19103F-16F7-4668-BE54-9A1E7A4F7556}") = "Lab5_1-RPG", "Lab5_1-RPG\Lab5_1-RPG.csproj", "{1611681D-02CD-443B-80A8-0043B312CACA}"
EndProject
Project("{9A19103F-16F7-4668-BE54-9A1E7A4F7556}") = "Lab5_2-CarLot", "Lab5_2-CarLot\Lab5_2-CarLot.csproj", "{0A315034-A6F7-47B2-87CA-1E2E0297A957}"
EndProject
Project("{9A19103F-16F7-4668-BE54-9A1E7A4F7556}") = "Lab4_3-PrimeCalc", "Lab4_3-PrimeCalc\Lab4_3-PrimeCalc.csproj", "{DF63284E-522B-43EA-97DA-2B56530AB744}"
EndProject
Project("{9A19103F-16F7-4668-BE54-9A1E7A4F7556}") = "Lab4_3_Tester", "Lab4_3_Tester\Lab4_3_Tester.csproj", "{4D693D21-A703-40E5-903A-014A8A210BA3}"
EndProject
Project("{9A19103F-16F7-4668-BE54-9A1E7A4F7556}") = "Lab11_1-PersonalWeb", "Lab11_1-PersonalWeb\Lab11_1-PersonalWeb.csproj", "{F3152EE8-DAAA-4F0E-87E4-425D2159C1A6}"
EndProject
Project("{9A19103F-16F7-4668-BE54-9A1E7A4F7556}") = "Lab9_2 - MVC", "Lab9_2 - MVC\Lab9_2 - MVC.csproj", "{B63C6CE9-7994-44EB-930C-6300EBC612ED}"
EndProject
Project("{9A19103F-16F7-4668-BE54-9A1E7A4F7556}") = "Lab11-2-StackOvr", "Lab11-2-StackOvr\Lab11-2-StackOvr.csproj", "{E42EB1A1-3E87-4E0A-841E-D880C1C53DC5}"
EndProject
Project("{FAE04EC0-301F-11D3-BF4B-00C04F79EFBC}") = "WebApplication1", "WebApplication1\WebApplication1.csproj", "{85BB552B-5505-4236-BCD5-919E93BE0FDA}"
EndProject
Project("{9A19103F-16F7-4668-BE54-9A1E7A4F7556}") = "Lab15_1 API", "Lab15_1 API\Lab15_1 API.csproj", "{DA8B8B88-1E61-4460-82F1-A5DDE63253CF}"
EndProject
Project("{FAE04EC0-301F-11D3-BF4B-00C04F79EFBC}") = "Lab15_2 CustomAPI", "Lab15_2 CustomAPI\Lab15_2 CustomAPI.csproj", "{9379C544-BFC8-424B-96C7-75D11EA05CB2}"
EndProject
Global
	GlobalSection(SolutionConfigurationPlatforms) = preSolution
		Debug|Any CPU = Debug|Any CPU
		Release|Any CPU = Release|Any CPU
	EndGlobalSection
	GlobalSection(ProjectConfigurationPlatforms) = postSolution
		{F93A7230-4AEA-4BD7-8419-EEFCF171ABC4}.Debug|Any CPU.ActiveCfg = Debug|Any CPU
		{F93A7230-4AEA-4BD7-8419-EEFCF171ABC4}.Debug|Any CPU.Build.0 = Debug|Any CPU
		{F93A7230-4AEA-4BD7-8419-EEFCF171ABC4}.Release|Any CPU.ActiveCfg = Release|Any CPU
		{F93A7230-4AEA-4BD7-8419-EEFCF171ABC4}.Release|Any CPU.Build.0 = Release|Any CPU
		{A5086A67-81F7-4D58-9EB9-359FC2A8B505}.Debug|Any CPU.ActiveCfg = Debug|Any CPU
		{A5086A67-81F7-4D58-9EB9-359FC2A8B505}.Debug|Any CPU.Build.0 = Debug|Any CPU
		{A5086A67-81F7-4D58-9EB9-359FC2A8B505}.Release|Any CPU.ActiveCfg = Release|Any CPU
		{A5086A67-81F7-4D58-9EB9-359FC2A8B505}.Release|Any CPU.Build.0 = Release|Any CPU
		{8ADD7E00-BAE3-4738-8FD3-8B1EF460908B}.Debug|Any CPU.ActiveCfg = Debug|Any CPU
		{8ADD7E00-BAE3-4738-8FD3-8B1EF460908B}.Debug|Any CPU.Build.0 = Debug|Any CPU
		{8ADD7E00-BAE3-4738-8FD3-8B1EF460908B}.Release|Any CPU.ActiveCfg = Release|Any CPU
		{8ADD7E00-BAE3-4738-8FD3-8B1EF460908B}.Release|Any CPU.Build.0 = Release|Any CPU
		{7758524B-4F46-4838-9D9D-3940036CE514}.Debug|Any CPU.ActiveCfg = Debug|Any CPU
		{7758524B-4F46-4838-9D9D-3940036CE514}.Debug|Any CPU.Build.0 = Debug|Any CPU
		{7758524B-4F46-4838-9D9D-3940036CE514}.Release|Any CPU.ActiveCfg = Release|Any CPU
		{7758524B-4F46-4838-9D9D-3940036CE514}.Release|Any CPU.Build.0 = Release|Any CPU
		{BD36F32C-CD8B-443C-A287-711BB856B7C1}.Debug|Any CPU.ActiveCfg = Debug|Any CPU
		{BD36F32C-CD8B-443C-A287-711BB856B7C1}.Debug|Any CPU.Build.0 = Debug|Any CPU
		{BD36F32C-CD8B-443C-A287-711BB856B7C1}.Release|Any CPU.ActiveCfg = Release|Any CPU
		{BD36F32C-CD8B-443C-A287-711BB856B7C1}.Release|Any CPU.Build.0 = Release|Any CPU
		{FDF70BF9-1FFF-4125-916C-891E3B9EDFE8}.Debug|Any CPU.ActiveCfg = Debug|Any CPU
		{FDF70BF9-1FFF-4125-916C-891E3B9EDFE8}.Debug|Any CPU.Build.0 = Debug|Any CPU
		{FDF70BF9-1FFF-4125-916C-891E3B9EDFE8}.Release|Any CPU.ActiveCfg = Release|Any CPU
		{FDF70BF9-1FFF-4125-916C-891E3B9EDFE8}.Release|Any CPU.Build.0 = Release|Any CPU
		{0A086AD0-B51F-4288-85CD-5B4C744D9539}.Debug|Any CPU.ActiveCfg = Debug|Any CPU
		{0A086AD0-B51F-4288-85CD-5B4C744D9539}.Debug|Any CPU.Build.0 = Debug|Any CPU
		{0A086AD0-B51F-4288-85CD-5B4C744D9539}.Release|Any CPU.ActiveCfg = Release|Any CPU
		{0A086AD0-B51F-4288-85CD-5B4C744D9539}.Release|Any CPU.Build.0 = Release|Any CPU
		{FA59C150-61FB-4E0A-9899-A8D3254AE925}.Debug|Any CPU.ActiveCfg = Debug|Any CPU
		{FA59C150-61FB-4E0A-9899-A8D3254AE925}.Debug|Any CPU.Build.0 = Debug|Any CPU
		{FA59C150-61FB-4E0A-9899-A8D3254AE925}.Release|Any CPU.ActiveCfg = Release|Any CPU
		{FA59C150-61FB-4E0A-9899-A8D3254AE925}.Release|Any CPU.Build.0 = Release|Any CPU
		{4ADD748B-610A-46DB-BA76-67D76E5F95D2}.Debug|Any CPU.ActiveCfg = Debug|Any CPU
		{4ADD748B-610A-46DB-BA76-67D76E5F95D2}.Debug|Any CPU.Build.0 = Debug|Any CPU
		{4ADD748B-610A-46DB-BA76-67D76E5F95D2}.Release|Any CPU.ActiveCfg = Release|Any CPU
		{4ADD748B-610A-46DB-BA76-67D76E5F95D2}.Release|Any CPU.Build.0 = Release|Any CPU
		{8BEE8EF7-24AB-43EC-80CF-5D6225852245}.Debug|Any CPU.ActiveCfg = Debug|Any CPU
		{8BEE8EF7-24AB-43EC-80CF-5D6225852245}.Debug|Any CPU.Build.0 = Debug|Any CPU
		{8BEE8EF7-24AB-43EC-80CF-5D6225852245}.Release|Any CPU.ActiveCfg = Release|Any CPU
		{8BEE8EF7-24AB-43EC-80CF-5D6225852245}.Release|Any CPU.Build.0 = Release|Any CPU
		{B51AE65E-A59F-45C7-BB39-6207A139C4D6}.Debug|Any CPU.ActiveCfg = Debug|Any CPU
		{B51AE65E-A59F-45C7-BB39-6207A139C4D6}.Debug|Any CPU.Build.0 = Debug|Any CPU
		{B51AE65E-A59F-45C7-BB39-6207A139C4D6}.Release|Any CPU.ActiveCfg = Release|Any CPU
		{B51AE65E-A59F-45C7-BB39-6207A139C4D6}.Release|Any CPU.Build.0 = Release|Any CPU
		{1611681D-02CD-443B-80A8-0043B312CACA}.Debug|Any CPU.ActiveCfg = Debug|Any CPU
		{1611681D-02CD-443B-80A8-0043B312CACA}.Debug|Any CPU.Build.0 = Debug|Any CPU
		{1611681D-02CD-443B-80A8-0043B312CACA}.Release|Any CPU.ActiveCfg = Release|Any CPU
		{1611681D-02CD-443B-80A8-0043B312CACA}.Release|Any CPU.Build.0 = Release|Any CPU
		{0A315034-A6F7-47B2-87CA-1E2E0297A957}.Debug|Any CPU.ActiveCfg = Debug|Any CPU
		{0A315034-A6F7-47B2-87CA-1E2E0297A957}.Debug|Any CPU.Build.0 = Debug|Any CPU
		{0A315034-A6F7-47B2-87CA-1E2E0297A957}.Release|Any CPU.ActiveCfg = Release|Any CPU
		{0A315034-A6F7-47B2-87CA-1E2E0297A957}.Release|Any CPU.Build.0 = Release|Any CPU
		{DF63284E-522B-43EA-97DA-2B56530AB744}.Debug|Any CPU.ActiveCfg = Debug|Any CPU
		{DF63284E-522B-43EA-97DA-2B56530AB744}.Debug|Any CPU.Build.0 = Debug|Any CPU
		{DF63284E-522B-43EA-97DA-2B56530AB744}.Release|Any CPU.ActiveCfg = Release|Any CPU
		{DF63284E-522B-43EA-97DA-2B56530AB744}.Release|Any CPU.Build.0 = Release|Any CPU
		{4D693D21-A703-40E5-903A-014A8A210BA3}.Debug|Any CPU.ActiveCfg = Debug|Any CPU
		{4D693D21-A703-40E5-903A-014A8A210BA3}.Debug|Any CPU.Build.0 = Debug|Any CPU
		{4D693D21-A703-40E5-903A-014A8A210BA3}.Release|Any CPU.ActiveCfg = Release|Any CPU
		{4D693D21-A703-40E5-903A-014A8A210BA3}.Release|Any CPU.Build.0 = Release|Any CPU
		{F3152EE8-DAAA-4F0E-87E4-425D2159C1A6}.Debug|Any CPU.ActiveCfg = Debug|Any CPU
		{F3152EE8-DAAA-4F0E-87E4-425D2159C1A6}.Debug|Any CPU.Build.0 = Debug|Any CPU
		{F3152EE8-DAAA-4F0E-87E4-425D2159C1A6}.Release|Any CPU.ActiveCfg = Release|Any CPU
		{F3152EE8-DAAA-4F0E-87E4-425D2159C1A6}.Release|Any CPU.Build.0 = Release|Any CPU
		{B63C6CE9-7994-44EB-930C-6300EBC612ED}.Debug|Any CPU.ActiveCfg = Debug|Any CPU
		{B63C6CE9-7994-44EB-930C-6300EBC612ED}.Debug|Any CPU.Build.0 = Debug|Any CPU
		{B63C6CE9-7994-44EB-930C-6300EBC612ED}.Release|Any CPU.ActiveCfg = Release|Any CPU
		{B63C6CE9-7994-44EB-930C-6300EBC612ED}.Release|Any CPU.Build.0 = Release|Any CPU
		{E42EB1A1-3E87-4E0A-841E-D880C1C53DC5}.Debug|Any CPU.ActiveCfg = Debug|Any CPU
		{E42EB1A1-3E87-4E0A-841E-D880C1C53DC5}.Debug|Any CPU.Build.0 = Debug|Any CPU
		{E42EB1A1-3E87-4E0A-841E-D880C1C53DC5}.Release|Any CPU.ActiveCfg = Release|Any CPU
		{E42EB1A1-3E87-4E0A-841E-D880C1C53DC5}.Release|Any CPU.Build.0 = Release|Any CPU
		{85BB552B-5505-4236-BCD5-919E93BE0FDA}.Debug|Any CPU.ActiveCfg = Debug|Any CPU
		{85BB552B-5505-4236-BCD5-919E93BE0FDA}.Debug|Any CPU.Build.0 = Debug|Any CPU
		{85BB552B-5505-4236-BCD5-919E93BE0FDA}.Release|Any CPU.ActiveCfg = Release|Any CPU
		{85BB552B-5505-4236-BCD5-919E93BE0FDA}.Release|Any CPU.Build.0 = Release|Any CPU
		{DA8B8B88-1E61-4460-82F1-A5DDE63253CF}.Debug|Any CPU.ActiveCfg = Debug|Any CPU
		{DA8B8B88-1E61-4460-82F1-A5DDE63253CF}.Debug|Any CPU.Build.0 = Debug|Any CPU
		{DA8B8B88-1E61-4460-82F1-A5DDE63253CF}.Release|Any CPU.ActiveCfg = Release|Any CPU
		{DA8B8B88-1E61-4460-82F1-A5DDE63253CF}.Release|Any CPU.Build.0 = Release|Any CPU
		{9379C544-BFC8-424B-96C7-75D11EA05CB2}.Debug|Any CPU.ActiveCfg = Debug|Any CPU
		{9379C544-BFC8-424B-96C7-75D11EA05CB2}.Debug|Any CPU.Build.0 = Debug|Any CPU
		{9379C544-BFC8-424B-96C7-75D11EA05CB2}.Release|Any CPU.ActiveCfg = Release|Any CPU
		{9379C544-BFC8-424B-96C7-75D11EA05CB2}.Release|Any CPU.Build.0 = Release|Any CPU
	EndGlobalSection
	GlobalSection(SolutionProperties) = preSolution
		HideSolutionNode = FALSE
	EndGlobalSection
	GlobalSection(ExtensibilityGlobals) = postSolution
		SolutionGuid = {095F8C69-B85F-4B9F-A313-5E9CC6FF3A93}
	EndGlobalSection
EndGlobal
