
Microsoft Visual Studio Solution File, Format Version 12.00
# Visual Studio Version 16
VisualStudioVersion = 16.0.31409.214
MinimumVisualStudioVersion = 10.0.40219.1
Project("{2150E333-8FDC-42A3-9474-1A3956D46DE8}") = "Solution Items", "Solution Items", "{77202389-F244-45BB-B05A-E9BFB348B212}"
	ProjectSection(SolutionItems) = preProject
		.gitignore = .gitignore
	EndProjectSection
EndProject
Project("{FAE04EC0-301F-11D3-BF4B-00C04F79EFBC}") = "Lab2_2-PowerTable", "Lab2_2-PowerTable\Lab2_2-PowerTable.csproj", "{F93A7230-4AEA-4BD7-8419-EEFCF171ABC4}"
EndProject
Project("{FAE04EC0-301F-11D3-BF4B-00C04F79EFBC}") = "Lab2_4-Factorial", "Lab2_4-Factorial\Lab2_4-Factorial.csproj", "{A5086A67-81F7-4D58-9EB9-359FC2A8B505}"
EndProject
Project("{FAE04EC0-301F-11D3-BF4B-00C04F79EFBC}") = "Lab3_1-StudentInfo", "Lab3_1-StudentInfo\Lab3_1-StudentInfo.csproj", "{8ADD7E00-BAE3-4738-8FD3-8B1EF460908B}"
EndProject
Project("{FAE04EC0-301F-11D3-BF4B-00C04F79EFBC}") = "Lab3_3-MenuObj", "Lab3_3-MenuObj\Lab3_3-MenuObj.csproj", "{7758524B-4F46-4838-9D9D-3940036CE514}"
EndProject
Project("{FAE04EC0-301F-11D3-BF4B-00C04F79EFBC}") = "Lab3_2_2-Menu", "Lab3_2_2-Menu\Lab3_2_2-Menu.csproj", "{BD36F32C-CD8B-443C-A287-711BB856B7C1}"
EndProject
Project("{FAE04EC0-301F-11D3-BF4B-00C04F79EFBC}") = "Lab4_1-DiceRoller", "Lab4_1-DiceRoller\Lab4_1-DiceRoller.csproj", "{FDF70BF9-1FFF-4125-916C-891E3B9EDFE8}"
EndProject
Project("{FAE04EC0-301F-11D3-BF4B-00C04F79EFBC}") = "Lab4_2-MovieList", "Lab4_2-MovieList\Lab4_2-MovieList.csproj", "{0A086AD0-B51F-4288-85CD-5B4C744D9539}"
EndProject
Global
	GlobalSection(SolutionConfigurationPlatforms) = preSolution
		Debug|Any CPU = Debug|Any CPU
		Release|Any CPU = Release|Any CPU
	EndGlobalSection
	GlobalSection(ProjectConfigurationPlatforms) = postSolution
		{F93A7230-4AEA-4BD7-8419-EEFCF171ABC4}.Debug|Any CPU.ActiveCfg = Debug|Any CPU
		{F93A7230-4AEA-4BD7-8419-EEFCF171ABC4}.Debug|Any CPU.Build.0 = Debug|Any CPU
		{F93A7230-4AEA-4BD7-8419-EEFCF171ABC4}.Release|Any CPU.ActiveCfg = Release|Any CPU
		{F93A7230-4AEA-4BD7-8419-EEFCF171ABC4}.Release|Any CPU.Build.0 = Release|Any CPU
		{A5086A67-81F7-4D58-9EB9-359FC2A8B505}.Debug|Any CPU.ActiveCfg = Debug|Any CPU
		{A5086A67-81F7-4D58-9EB9-359FC2A8B505}.Debug|Any CPU.Build.0 = Debug|Any CPU
		{A5086A67-81F7-4D58-9EB9-359FC2A8B505}.Release|Any CPU.ActiveCfg = Release|Any CPU
		{A5086A67-81F7-4D58-9EB9-359FC2A8B505}.Release|Any CPU.Build.0 = Release|Any CPU
		{8ADD7E00-BAE3-4738-8FD3-8B1EF460908B}.Debug|Any CPU.ActiveCfg = Debug|Any CPU
		{8ADD7E00-BAE3-4738-8FD3-8B1EF460908B}.Debug|Any CPU.Build.0 = Debug|Any CPU
		{8ADD7E00-BAE3-4738-8FD3-8B1EF460908B}.Release|Any CPU.ActiveCfg = Release|Any CPU
		{8ADD7E00-BAE3-4738-8FD3-8B1EF460908B}.Release|Any CPU.Build.0 = Release|Any CPU
		{7758524B-4F46-4838-9D9D-3940036CE514}.Debug|Any CPU.ActiveCfg = Debug|Any CPU
		{7758524B-4F46-4838-9D9D-3940036CE514}.Debug|Any CPU.Build.0 = Debug|Any CPU
		{7758524B-4F46-4838-9D9D-3940036CE514}.Release|Any CPU.ActiveCfg = Release|Any CPU
		{7758524B-4F46-4838-9D9D-3940036CE514}.Release|Any CPU.Build.0 = Release|Any CPU
		{BD36F32C-CD8B-443C-A287-711BB856B7C1}.Debug|Any CPU.ActiveCfg = Debug|Any CPU
		{BD36F32C-CD8B-443C-A287-711BB856B7C1}.Debug|Any CPU.Build.0 = Debug|Any CPU
		{BD36F32C-CD8B-443C-A287-711BB856B7C1}.Release|Any CPU.ActiveCfg = Release|Any CPU
		{BD36F32C-CD8B-443C-A287-711BB856B7C1}.Release|Any CPU.Build.0 = Release|Any CPU
		{FDF70BF9-1FFF-4125-916C-891E3B9EDFE8}.Debug|Any CPU.ActiveCfg = Debug|Any CPU
		{FDF70BF9-1FFF-4125-916C-891E3B9EDFE8}.Debug|Any CPU.Build.0 = Debug|Any CPU
		{FDF70BF9-1FFF-4125-916C-891E3B9EDFE8}.Release|Any CPU.ActiveCfg = Release|Any CPU
		{FDF70BF9-1FFF-4125-916C-891E3B9EDFE8}.Release|Any CPU.Build.0 = Release|Any CPU
		{0A086AD0-B51F-4288-85CD-5B4C744D9539}.Debug|Any CPU.ActiveCfg = Debug|Any CPU
		{0A086AD0-B51F-4288-85CD-5B4C744D9539}.Debug|Any CPU.Build.0 = Debug|Any CPU
		{0A086AD0-B51F-4288-85CD-5B4C744D9539}.Release|Any CPU.ActiveCfg = Release|Any CPU
		{0A086AD0-B51F-4288-85CD-5B4C744D9539}.Release|Any CPU.Build.0 = Release|Any CPU
	EndGlobalSection
	GlobalSection(SolutionProperties) = preSolution
		HideSolutionNode = FALSE
	EndGlobalSection
	GlobalSection(ExtensibilityGlobals) = postSolution
		SolutionGuid = {095F8C69-B85F-4B9F-A313-5E9CC6FF3A93}
	EndGlobalSection
EndGlobal
